
Microsoft Visual Studio Solution File, Format Version 12.00
# Visual Studio Version 17
VisualStudioVersion = 17.0.31903.59
MinimumVisualStudioVersion = 10.0.40219.1
Project("{9A19103F-16F7-4668-BE54-9A1E7A4F7556}") = "IdentityService", "IdentityService.csproj", "{14781E39-4292-4FB2-9BB1-85C748C8D55E}"
EndProject
Global
	GlobalSection(SolutionConfigurationPlatforms) = preSolution
		Debug|Any CPU = Debug|Any CPU
		Release|Any CPU = Release|Any CPU
	EndGlobalSection
	GlobalSection(ProjectConfigurationPlatforms) = postSolution
		{14781E39-4292-4FB2-9BB1-85C748C8D55E}.Debug|Any CPU.ActiveCfg = Debug|Any CPU
		{14781E39-4292-4FB2-9BB1-85C748C8D55E}.Debug|Any CPU.Build.0 = Debug|Any CPU
		{14781E39-4292-4FB2-9BB1-85C748C8D55E}.Release|Any CPU.ActiveCfg = Release|Any CPU
		{14781E39-4292-4FB2-9BB1-85C748C8D55E}.Release|Any CPU.Build.0 = Release|Any CPU
	EndGlobalSection
	GlobalSection(SolutionProperties) = preSolution
		HideSolutionNode = FALSE
	EndGlobalSection
	GlobalSection(ExtensibilityGlobals) = postSolution
		SolutionGuid = {6FBDD75D-B5D7-4745-905F-99C57296DF93}
	EndGlobalSection
EndGlobal
